{
  "version": 4,
  "terraform_version": "1.10.5",
  "serial": 13,
  "lineage": "08bc7ca0-9c17-b35c-9332-9d42be43d3f7",
  "outputs": {},
  "resources": [
    {
      "module": "module.pip",
      "mode": "managed",
      "type": "azurerm_public_ip",
      "name": "rgpip",
      "provider": "provider[\"registry.terraform.io/hashicorp/azurerm\"]",
      "instances": [
        {
          "schema_version": 0,
          "attributes": {
            "allocation_method": "Static",
            "ddos_protection_mode": "VirtualNetworkInherited",
            "ddos_protection_plan_id": null,
            "domain_name_label": null,
            "domain_name_label_scope": null,
            "edge_zone": "",
            "fqdn": null,
            "id": "/subscriptions/a7d5c3b8-efab-4b09-938f-ce6ca000d654/resourceGroups/rj008/providers/Microsoft.Network/publicIPAddresses/pip-name1",
            "idle_timeout_in_minutes": 4,
            "ip_address": "13.71.41.210",
            "ip_tags": {},
            "ip_version": "IPv4",
            "location": "centralindia",
            "name": "pip-name1",
            "public_ip_prefix_id": null,
            "resource_group_name": "rj008",
            "reverse_fqdn": null,
            "sku": "Standard",
            "sku_tier": "Regional",
            "tags": {},
            "timeouts": null,
            "zones": []
          },
          "sensitive_attributes": [],
          "private": "eyJlMmJmYjczMC1lY2FhLTExZTYtOGY4OC0zNDM2M2JjN2M0YzAiOnsiY3JlYXRlIjoxODAwMDAwMDAwMDAwLCJkZWxldGUiOjE4MDAwMDAwMDAwMDAsInJlYWQiOjMwMDAwMDAwMDAwMCwidXBkYXRlIjoxODAwMDAwMDAwMDAwfX0=",
          "dependencies": [
            "module.resourceg.azurerm_resource_group.rj",
            "module.subnet.azurerm_subnet.internal",
            "module.vnet.azurerm_virtual_network.mainrg"
          ]
        }
      ]
    },
    {
      "module": "module.resourceg",
      "mode": "managed",
      "type": "azurerm_resource_group",
      "name": "rj",
      "provider": "provider[\"registry.terraform.io/hashicorp/azurerm\"]",
      "instances": [
        {
          "schema_version": 0,
          "attributes": {
            "id": "/subscriptions/a7d5c3b8-efab-4b09-938f-ce6ca000d654/resourceGroups/rj008",
            "location": "centralindia",
            "managed_by": "",
            "name": "rj008",
            "tags": {},
            "timeouts": null
          },
          "sensitive_attributes": [],
          "private": "eyJlMmJmYjczMC1lY2FhLTExZTYtOGY4OC0zNDM2M2JjN2M0YzAiOnsiY3JlYXRlIjo1NDAwMDAwMDAwMDAwLCJkZWxldGUiOjU0MDAwMDAwMDAwMDAsInJlYWQiOjMwMDAwMDAwMDAwMCwidXBkYXRlIjo1NDAwMDAwMDAwMDAwfX0="
        }
      ]
    },
    {
      "module": "module.subnet",
      "mode": "managed",
      "type": "azurerm_subnet",
      "name": "internal",
      "provider": "provider[\"registry.terraform.io/hashicorp/azurerm\"]",
      "instances": [
        {
          "schema_version": 0,
          "attributes": {
            "address_prefixes": [
              "10.0.2.0/24"
            ],
            "default_outbound_access_enabled": true,
            "delegation": [],
            "id": "/subscriptions/a7d5c3b8-efab-4b09-938f-ce6ca000d654/resourceGroups/rj008/providers/Microsoft.Network/virtualNetworks/ramuvnet1/subnets/ramusubnet1",
            "name": "ramusubnet1",
            "private_endpoint_network_policies": "Disabled",
            "private_link_service_network_policies_enabled": true,
            "resource_group_name": "rj008",
            "service_endpoint_policy_ids": [],
            "service_endpoints": [],
            "timeouts": null,
            "virtual_network_name": "ramuvnet1"
          },
          "sensitive_attributes": [],
          "private": "eyJlMmJmYjczMC1lY2FhLTExZTYtOGY4OC0zNDM2M2JjN2M0YzAiOnsiY3JlYXRlIjoxODAwMDAwMDAwMDAwLCJkZWxldGUiOjE4MDAwMDAwMDAwMDAsInJlYWQiOjMwMDAwMDAwMDAwMCwidXBkYXRlIjoxODAwMDAwMDAwMDAwfX0=",
          "dependencies": [
            "module.resourceg.azurerm_resource_group.rj",
            "module.vnet.azurerm_virtual_network.mainrg"
          ]
        }
      ]
    },
    {
      "module": "module.vm",
      "mode": "data",
      "type": "azurerm_public_ip",
      "name": "iip",
      "provider": "provider[\"registry.terraform.io/hashicorp/azurerm\"]",
      "instances": []
    },
    {
      "module": "module.vm",
      "mode": "data",
      "type": "azurerm_public_ip",
      "name": "ip",
      "provider": "provider[\"registry.terraform.io/hashicorp/azurerm\"]",
      "instances": [
        {
          "schema_version": 0,
          "attributes": {
            "allocation_method": "Static",
            "ddos_protection_mode": "VirtualNetworkInherited",
            "ddos_protection_plan_id": null,
            "domain_name_label": "",
            "fqdn": "",
            "id": "/subscriptions/a7d5c3b8-efab-4b09-938f-ce6ca000d654/resourceGroups/rj008/providers/Microsoft.Network/publicIPAddresses/pip-name1",
            "idle_timeout_in_minutes": 4,
            "ip_address": "13.71.41.210",
            "ip_tags": {},
            "ip_version": "IPv4",
            "location": "centralindia",
            "name": "pip-name1",
            "resource_group_name": "rj008",
            "reverse_fqdn": "",
            "sku": "Standard",
            "tags": {},
            "timeouts": null,
            "zones": []
          },
          "sensitive_attributes": []
        }
      ]
    },
    {
      "module": "module.vm",
      "mode": "data",
      "type": "azurerm_subnet",
      "name": "subnetdata",
      "provider": "provider[\"registry.terraform.io/hashicorp/azurerm\"]",
      "instances": [
        {
          "schema_version": 0,
          "attributes": {
            "address_prefix": "10.0.2.0/24",
            "address_prefixes": [
              "10.0.2.0/24"
            ],
            "default_outbound_access_enabled": true,
            "id": "/subscriptions/a7d5c3b8-efab-4b09-938f-ce6ca000d654/resourceGroups/rj008/providers/Microsoft.Network/virtualNetworks/ramuvnet1/subnets/ramusubnet1",
            "name": "ramusubnet1",
            "network_security_group_id": "",
            "private_endpoint_network_policies": "Disabled",
            "private_link_service_network_policies_enabled": true,
            "resource_group_name": "rj008",
            "route_table_id": "",
            "service_endpoints": [],
            "timeouts": null,
            "virtual_network_name": "ramuvnet1"
          },
          "sensitive_attributes": []
        }
      ]
    },
    {
      "module": "module.vm",
      "mode": "data",
      "type": "azurerm_subnet",
      "name": "subnets",
      "provider": "provider[\"registry.terraform.io/hashicorp/azurerm\"]",
      "instances": []
    },
    {
      "module": "module.vm",
      "mode": "managed",
      "type": "azurerm_linux_virtual_machine",
      "name": "vm",
      "provider": "provider[\"registry.terraform.io/hashicorp/azurerm\"]",
      "instances": [
        {
          "schema_version": 0,
          "attributes": {
            "additional_capabilities": [],
            "admin_password": "Ramuniwas@1234",
            "admin_ssh_key": [],
            "admin_username": "devopsadmin",
            "allow_extension_operations": true,
            "availability_set_id": "",
            "boot_diagnostics": [],
            "bypass_platform_safety_checks_on_user_schedule_enabled": false,
            "capacity_reservation_group_id": "",
            "computer_name": "vm-frontend1",
            "custom_data": null,
            "dedicated_host_group_id": "",
            "dedicated_host_id": "",
            "disable_password_authentication": false,
            "disk_controller_type": "",
            "edge_zone": "",
            "encryption_at_host_enabled": false,
            "eviction_policy": "",
            "extensions_time_budget": "PT1H30M",
            "gallery_application": [],
            "id": "/subscriptions/a7d5c3b8-efab-4b09-938f-ce6ca000d654/resourceGroups/rj008/providers/Microsoft.Compute/virtualMachines/vm-frontend1",
            "identity": [],
            "license_type": "",
            "location": "centralindia",
            "max_bid_price": -1,
            "name": "vm-frontend1",
            "network_interface_ids": [
              "/subscriptions/a7d5c3b8-efab-4b09-938f-ce6ca000d654/resourceGroups/rj008/providers/Microsoft.Network/networkInterfaces/nic-vm1"
            ],
            "os_disk": [
              {
                "caching": "ReadWrite",
                "diff_disk_settings": [],
                "disk_encryption_set_id": "",
                "disk_size_gb": 30,
                "id": "/subscriptions/a7d5c3b8-efab-4b09-938f-ce6ca000d654/resourceGroups/rj008/providers/Microsoft.Compute/disks/vm-frontend1_disk1_c90854a5e66d4549bbcb97340895db6c",
                "name": "vm-frontend1_disk1_c90854a5e66d4549bbcb97340895db6c",
                "secure_vm_disk_encryption_set_id": "",
                "security_encryption_type": "",
                "storage_account_type": "Standard_LRS",
                "write_accelerator_enabled": false
              }
            ],
            "os_image_notification": [],
            "patch_assessment_mode": "ImageDefault",
            "patch_mode": "ImageDefault",
            "plan": [],
            "platform_fault_domain": -1,
            "priority": "Regular",
            "private_ip_address": "10.0.2.4",
            "private_ip_addresses": [
              "10.0.2.4"
            ],
            "provision_vm_agent": true,
            "proximity_placement_group_id": "",
            "public_ip_address": "13.71.41.210",
            "public_ip_addresses": [
              "13.71.41.210"
            ],
            "reboot_setting": "",
            "resource_group_name": "rj008",
            "secret": [],
            "secure_boot_enabled": false,
            "size": "Standard_B1s",
            "source_image_id": "",
            "source_image_reference": [
              {
                "offer": "0001-com-ubuntu-server-focal",
                "publisher": "Canonical",
                "sku": "20_04-lts",
                "version": "latest"
              }
            ],
            "tags": null,
            "termination_notification": null,
            "timeouts": null,
            "user_data": "",
            "virtual_machine_id": "ec8a68c7-7806-41d6-afb9-b10f96422d9f",
            "virtual_machine_scale_set_id": "",
            "vm_agent_platform_updates_enabled": false,
            "vtpm_enabled": false,
            "zone": ""
          },
          "sensitive_attributes": [
            [
              {
                "type": "get_attr",
                "value": "custom_data"
              }
            ],
            [
              {
                "type": "get_attr",
                "value": "admin_password"
              }
            ]
          ],
          "private": "eyJlMmJmYjczMC1lY2FhLTExZTYtOGY4OC0zNDM2M2JjN2M0YzAiOnsiY3JlYXRlIjoyNzAwMDAwMDAwMDAwLCJkZWxldGUiOjI3MDAwMDAwMDAwMDAsInJlYWQiOjMwMDAwMDAwMDAwMCwidXBkYXRlIjoyNzAwMDAwMDAwMDAwfX0=",
          "dependencies": [
            "module.pip.azurerm_public_ip.rgpip",
            "module.resourceg.azurerm_resource_group.rj",
            "module.subnet.azurerm_subnet.internal",
            "module.vm.azurerm_network_interface.nic",
            "module.vm.data.azurerm_public_ip.ip",
            "module.vm.data.azurerm_subnet.subnetdata",
            "module.vnet.azurerm_virtual_network.mainrg"
          ]
        }
      ]
    },
    {
      "module": "module.vm",
      "mode": "managed",
      "type": "azurerm_network_interface",
      "name": "nic",
      "provider": "provider[\"registry.terraform.io/hashicorp/azurerm\"]",
      "instances": [
        {
          "schema_version": 0,
          "attributes": {
            "accelerated_networking_enabled": false,
            "applied_dns_servers": [],
            "auxiliary_mode": "",
            "auxiliary_sku": "",
            "dns_servers": null,
            "edge_zone": "",
            "id": "/subscriptions/a7d5c3b8-efab-4b09-938f-ce6ca000d654/resourceGroups/rj008/providers/Microsoft.Network/networkInterfaces/nic-vm1",
            "internal_dns_name_label": "",
            "internal_domain_name_suffix": "gfrb05fplone3k1fgxlsxkvbgb.rx.internal.cloudapp.net",
            "ip_configuration": [
              {
                "gateway_load_balancer_frontend_ip_configuration_id": "",
                "name": "ramupip1",
                "primary": true,
                "private_ip_address": "10.0.2.4",
                "private_ip_address_allocation": "Dynamic",
                "private_ip_address_version": "IPv4",
                "public_ip_address_id": "/subscriptions/a7d5c3b8-efab-4b09-938f-ce6ca000d654/resourceGroups/rj008/providers/Microsoft.Network/publicIPAddresses/pip-name1",
                "subnet_id": "/subscriptions/a7d5c3b8-efab-4b09-938f-ce6ca000d654/resourceGroups/rj008/providers/Microsoft.Network/virtualNetworks/ramuvnet1/subnets/ramusubnet1"
              }
            ],
            "ip_forwarding_enabled": false,
            "location": "centralindia",
            "mac_address": "",
            "name": "nic-vm1",
            "private_ip_address": "10.0.2.4",
            "private_ip_addresses": [
              "10.0.2.4"
            ],
            "resource_group_name": "rj008",
            "tags": null,
            "timeouts": null,
            "virtual_machine_id": ""
          },
          "sensitive_attributes": [],
          "private": "eyJlMmJmYjczMC1lY2FhLTExZTYtOGY4OC0zNDM2M2JjN2M0YzAiOnsiY3JlYXRlIjoxODAwMDAwMDAwMDAwLCJkZWxldGUiOjE4MDAwMDAwMDAwMDAsInJlYWQiOjMwMDAwMDAwMDAwMCwidXBkYXRlIjoxODAwMDAwMDAwMDAwfX0=",
          "dependencies": [
            "module.pip.azurerm_public_ip.rgpip",
            "module.resourceg.azurerm_resource_group.rj",
            "module.subnet.azurerm_subnet.internal",
            "module.vm.data.azurerm_public_ip.ip",
            "module.vm.data.azurerm_subnet.subnetdata",
            "module.vnet.azurerm_virtual_network.mainrg"
          ]
        }
      ]
    },
    {
      "module": "module.vnet",
      "mode": "managed",
      "type": "azurerm_virtual_network",
      "name": "mainrg",
      "provider": "provider[\"registry.terraform.io/hashicorp/azurerm\"]",
      "instances": [
        {
          "schema_version": 0,
          "attributes": {
            "address_space": [
              "10.0.0.0/16"
            ],
            "bgp_community": "",
            "ddos_protection_plan": [],
            "dns_servers": [],
            "edge_zone": "",
            "encryption": [],
            "flow_timeout_in_minutes": 0,
            "guid": "7c1d6231-5baf-4e9a-ab65-35d72baaa131",
            "id": "/subscriptions/a7d5c3b8-efab-4b09-938f-ce6ca000d654/resourceGroups/rj008/providers/Microsoft.Network/virtualNetworks/ramuvnet1",
            "ip_address_pool": [],
            "location": "centralindia",
            "name": "ramuvnet1",
            "private_endpoint_vnet_policies": "Disabled",
            "resource_group_name": "rj008",
            "subnet": [
              {
                "address_prefixes": [
                  "10.0.2.0/24"
                ],
                "default_outbound_access_enabled": true,
                "delegation": [],
                "id": "/subscriptions/a7d5c3b8-efab-4b09-938f-ce6ca000d654/resourceGroups/rj008/providers/Microsoft.Network/virtualNetworks/ramuvnet1/subnets/ramusubnet1",
                "name": "ramusubnet1",
                "private_endpoint_network_policies": "Disabled",
                "private_link_service_network_policies_enabled": true,
                "route_table_id": "",
                "security_group": "",
                "service_endpoint_policy_ids": [],
                "service_endpoints": []
              }
            ],
            "tags": {},
            "timeouts": null
          },
          "sensitive_attributes": [],
          "private": "eyJlMmJmYjczMC1lY2FhLTExZTYtOGY4OC0zNDM2M2JjN2M0YzAiOnsiY3JlYXRlIjoxODAwMDAwMDAwMDAwLCJkZWxldGUiOjE4MDAwMDAwMDAwMDAsInJlYWQiOjMwMDAwMDAwMDAwMCwidXBkYXRlIjoxODAwMDAwMDAwMDAwfX0=",
          "dependencies": [
            "module.resourceg.azurerm_resource_group.rj"
          ]
        }
      ]
    }
  ],
  "check_results": null
}
